
Microsoft Visual Studio Solution File, Format Version 12.00
# Visual Studio 14
VisualStudioVersion = 14.0.23107.0
MinimumVisualStudioVersion = 10.0.40219.1
Project("{FAE04EC0-301F-11D3-BF4B-00C04F79EFBC}") = "Travelport", "Travelport.csproj", "{2D2838CB-E58F-4D3E-9274-D8C2DB372A46}"
EndProject
Global
	GlobalSection(SolutionConfigurationPlatforms) = preSolution
		Debug|Any CPU = Debug|Any CPU
		Release|Any CPU = Release|Any CPU
	EndGlobalSection
	GlobalSection(ProjectConfigurationPlatforms) = postSolution
		{2D2838CB-E58F-4D3E-9274-D8C2DB372A46}.Debug|Any CPU.ActiveCfg = Debug|Any CPU
		{2D2838CB-E58F-4D3E-9274-D8C2DB372A46}.Debug|Any CPU.Build.0 = Debug|Any CPU
		{2D2838CB-E58F-4D3E-9274-D8C2DB372A46}.Release|Any CPU.ActiveCfg = Release|Any CPU
		{2D2838CB-E58F-4D3E-9274-D8C2DB372A46}.Release|Any CPU.Build.0 = Release|Any CPU
	EndGlobalSection
	GlobalSection(SolutionProperties) = preSolution
		HideSolutionNode = FALSE
	EndGlobalSection
	GlobalSection(TeamFoundationVersionControl) = preSolution
		SccNumberOfProjects = 2
		SccEnterpriseProvider = {4CA58AB2-18FA-4F8D-95D4-32DDF27D184C}
		SccTeamFoundationServer = http://eeepcobm:8181/tfs/defaultcollection
		SccLocalPath0 = .
		SccProjectUniqueName1 = Travelport.csproj
		SccLocalPath1 = .
	EndGlobalSection
EndGlobal
